
Microsoft Visual Studio Solution File, Format Version 12.00
# Visual Studio 15
VisualStudioVersion = 15.0.26228.4
MinimumVisualStudioVersion = 10.0.40219.1
Project("{FAE04EC0-301F-11D3-BF4B-00C04F79EFBC}") = "Telekom1", "Telekom1\Telekom1.csproj", "{11B65B66-B31D-4EC1-BDAD-A67B7B4B1040}"
EndProject
Global
	GlobalSection(SolutionConfigurationPlatforms) = preSolution
		Debug|Any CPU = Debug|Any CPU
		Release|Any CPU = Release|Any CPU
	EndGlobalSection
	GlobalSection(ProjectConfigurationPlatforms) = postSolution
		{11B65B66-B31D-4EC1-BDAD-A67B7B4B1040}.Debug|Any CPU.ActiveCfg = Debug|Any CPU
		{11B65B66-B31D-4EC1-BDAD-A67B7B4B1040}.Debug|Any CPU.Build.0 = Debug|Any CPU
		{11B65B66-B31D-4EC1-BDAD-A67B7B4B1040}.Release|Any CPU.ActiveCfg = Release|Any CPU
		{11B65B66-B31D-4EC1-BDAD-A67B7B4B1040}.Release|Any CPU.Build.0 = Release|Any CPU
	EndGlobalSection
	GlobalSection(SolutionProperties) = preSolution
		HideSolutionNode = FALSE
	EndGlobalSection
EndGlobal
